
Microsoft Visual Studio Solution File, Format Version 12.00
# Visual Studio Version 16
VisualStudioVersion = 16.0.31205.134
MinimumVisualStudioVersion = 10.0.40219.1
Project("{9A19103F-16F7-4668-BE54-9A1E7A4F7556}") = "ShubhDev.SolidDesignPrinciples", "ShubhDev.SolidDesignPrinciples\ShubhDev.SolidDesignPrinciples.csproj", "{2DF55E81-2B87-464E-B25B-DA025656348D}"
EndProject
Project("{9A19103F-16F7-4668-BE54-9A1E7A4F7556}") = "ShubhDev.Solid.SingleResponsibilityPrinciple", "ShubhDev.Solid.SingleResponsibilityPrinciple\ShubhDev.Solid.SingleResponsibilityPrinciple.csproj", "{6669C8B7-6FFA-440A-B3EA-814532869AEA}"
EndProject
Project("{9A19103F-16F7-4668-BE54-9A1E7A4F7556}") = "ShubhDev.Solid.OpenClosedPrinciple", "ShubhDev.Solid.OpenClosedPrinciple\ShubhDev.Solid.OpenClosedPrinciple.csproj", "{AC1954D4-F8A9-4DF2-A6A5-3D392BBF8B12}"
EndProject
Project("{9A19103F-16F7-4668-BE54-9A1E7A4F7556}") = "ShubhDev.Solid.LiskovSubstitutionPrinciple", "ShubhDev.Solid.LiskovSubstitutionPrinciple\ShubhDev.Solid.LiskovSubstitutionPrinciple.csproj", "{9C183F10-11FF-4CD9-957A-84A93FD41DC8}"
EndProject
Project("{9A19103F-16F7-4668-BE54-9A1E7A4F7556}") = "ShubhDev.Solid.InterfaceSegregationPrinciple", "ShubhDev.Solid.InterfaceSegregationPrinciple\ShubhDev.Solid.InterfaceSegregationPrinciple.csproj", "{10273E34-1F0C-498F-9699-07EDEB09007F}"
EndProject
Project("{9A19103F-16F7-4668-BE54-9A1E7A4F7556}") = "ShubhDev.Solid.DependencyInversionPrinciple", "ShubhDev.Solid.DependencyInversionPrinciple\ShubhDev.Solid.DependencyInversionPrinciple.csproj", "{BBED30DD-E651-4F3D-8BB3-91A4FE04F91F}"
EndProject
Project("{FAE04EC0-301F-11D3-BF4B-00C04F79EFBC}") = "ShubhDev.SolidDesignPrinciple.PeopleService", "ShubhDev.SolidDesignPrinciple.PeopleService\ShubhDev.SolidDesignPrinciple.PeopleService.csproj", "{9F112DC3-7FE9-4B7A-AE49-F22FDE86DF21}"
EndProject
Project("{2150E333-8FDC-42A3-9474-1A3956D46DE8}") = "Src", "Src", "{45091F3C-4727-4C7A-997D-FCB4404C4089}"
EndProject
Project("{2150E333-8FDC-42A3-9474-1A3956D46DE8}") = "API", "API", "{2B603345-48D7-4F43-A6F0-5C4207E6FE8E}"
EndProject
Project("{2150E333-8FDC-42A3-9474-1A3956D46DE8}") = "Core", "Core", "{C4DB47F8-0543-4FA1-B917-B3E20D6F3D5E}"
EndProject
Project("{2150E333-8FDC-42A3-9474-1A3956D46DE8}") = "UI", "UI", "{2271C1DD-9BF8-407C-A3EA-81BDE46B439B}"
EndProject
Project("{FAE04EC0-301F-11D3-BF4B-00C04F79EFBC}") = "ShubhDev.SolidDesignPrinciples.Application", "ShubhDev.SolidDesignPrinciples.Application\ShubhDev.SolidDesignPrinciples.Application.csproj", "{F187A769-9CD2-493D-BDB8-0EB03BDA64C0}"
EndProject
Project("{2150E333-8FDC-42A3-9474-1A3956D46DE8}") = "Infrastructure", "Infrastructure", "{E44CF1CD-6C8A-427C-8A1F-508DF7268DF5}"
EndProject
Project("{FAE04EC0-301F-11D3-BF4B-00C04F79EFBC}") = "ShubhDev.SolidDesignPrinciples.Persistence", "ShubhDev.SolidDesignPrinciples.Persistence\ShubhDev.SolidDesignPrinciples.Persistence.csproj", "{DB1FB908-582C-45B5-A1DD-D406D5F65CBC}"
EndProject
Project("{FAE04EC0-301F-11D3-BF4B-00C04F79EFBC}") = "ShubhDev.SolidDesignPrinciples.DataAccess", "ShubhDev.SolidDesignPrinciples.DataAccess\ShubhDev.SolidDesignPrinciples.DataAccess.csproj", "{324EB01C-640B-45CD-878E-882EF2607995}"
EndProject
Project("{2150E333-8FDC-42A3-9474-1A3956D46DE8}") = "UnitTest", "UnitTest", "{B5EB8096-EE7C-4C90-A683-52E67370AFFF}"
EndProject
Project("{FAE04EC0-301F-11D3-BF4B-00C04F79EFBC}") = "ShubhDev.SolidDesignPrinciples.PeopleTest", "ShubhDev.SolidDesignPrinciples.PeopleTest\ShubhDev.SolidDesignPrinciples.PeopleTest.csproj", "{9B2FAD4F-E2CD-4686-B054-D0F7A5FDC4B7}"
EndProject
Project("{FAE04EC0-301F-11D3-BF4B-00C04F79EFBC}") = "ShubhDev.SolidDesignPrinciples.PeopleMsTest", "ShubhDev.SolidDesignPrinciples.PeopleMsTest\ShubhDev.SolidDesignPrinciples.PeopleMsTest.csproj", "{57F18FD7-482E-4E89-9774-8764D495A2CE}"
EndProject
Project("{2150E333-8FDC-42A3-9474-1A3956D46DE8}") = "Solid Principle Demo", "Solid Principle Demo", "{CFA1EAE7-4AD7-4D78-B413-E08C44769794}"
EndProject
Project("{FAE04EC0-301F-11D3-BF4B-00C04F79EFBC}") = "ShubhDev.SolidDesignPrinciples.SRP", "ShubhDev.SolidDesignPrinciples.SRP\ShubhDev.SolidDesignPrinciples.SRP.csproj", "{3B7D6499-1542-437C-A7FD-A602CFEEC114}"
EndProject
Global
	GlobalSection(SolutionConfigurationPlatforms) = preSolution
		Debug|Any CPU = Debug|Any CPU
		Release|Any CPU = Release|Any CPU
	EndGlobalSection
	GlobalSection(ProjectConfigurationPlatforms) = postSolution
		{2DF55E81-2B87-464E-B25B-DA025656348D}.Debug|Any CPU.ActiveCfg = Debug|Any CPU
		{2DF55E81-2B87-464E-B25B-DA025656348D}.Debug|Any CPU.Build.0 = Debug|Any CPU
		{2DF55E81-2B87-464E-B25B-DA025656348D}.Release|Any CPU.ActiveCfg = Release|Any CPU
		{2DF55E81-2B87-464E-B25B-DA025656348D}.Release|Any CPU.Build.0 = Release|Any CPU
		{6669C8B7-6FFA-440A-B3EA-814532869AEA}.Debug|Any CPU.ActiveCfg = Debug|Any CPU
		{6669C8B7-6FFA-440A-B3EA-814532869AEA}.Debug|Any CPU.Build.0 = Debug|Any CPU
		{6669C8B7-6FFA-440A-B3EA-814532869AEA}.Release|Any CPU.ActiveCfg = Release|Any CPU
		{6669C8B7-6FFA-440A-B3EA-814532869AEA}.Release|Any CPU.Build.0 = Release|Any CPU
		{AC1954D4-F8A9-4DF2-A6A5-3D392BBF8B12}.Debug|Any CPU.ActiveCfg = Debug|Any CPU
		{AC1954D4-F8A9-4DF2-A6A5-3D392BBF8B12}.Debug|Any CPU.Build.0 = Debug|Any CPU
		{AC1954D4-F8A9-4DF2-A6A5-3D392BBF8B12}.Release|Any CPU.ActiveCfg = Release|Any CPU
		{AC1954D4-F8A9-4DF2-A6A5-3D392BBF8B12}.Release|Any CPU.Build.0 = Release|Any CPU
		{9C183F10-11FF-4CD9-957A-84A93FD41DC8}.Debug|Any CPU.ActiveCfg = Debug|Any CPU
		{9C183F10-11FF-4CD9-957A-84A93FD41DC8}.Debug|Any CPU.Build.0 = Debug|Any CPU
		{9C183F10-11FF-4CD9-957A-84A93FD41DC8}.Release|Any CPU.ActiveCfg = Release|Any CPU
		{9C183F10-11FF-4CD9-957A-84A93FD41DC8}.Release|Any CPU.Build.0 = Release|Any CPU
		{10273E34-1F0C-498F-9699-07EDEB09007F}.Debug|Any CPU.ActiveCfg = Debug|Any CPU
		{10273E34-1F0C-498F-9699-07EDEB09007F}.Debug|Any CPU.Build.0 = Debug|Any CPU
		{10273E34-1F0C-498F-9699-07EDEB09007F}.Release|Any CPU.ActiveCfg = Release|Any CPU
		{10273E34-1F0C-498F-9699-07EDEB09007F}.Release|Any CPU.Build.0 = Release|Any CPU
		{BBED30DD-E651-4F3D-8BB3-91A4FE04F91F}.Debug|Any CPU.ActiveCfg = Debug|Any CPU
		{BBED30DD-E651-4F3D-8BB3-91A4FE04F91F}.Debug|Any CPU.Build.0 = Debug|Any CPU
		{BBED30DD-E651-4F3D-8BB3-91A4FE04F91F}.Release|Any CPU.ActiveCfg = Release|Any CPU
		{BBED30DD-E651-4F3D-8BB3-91A4FE04F91F}.Release|Any CPU.Build.0 = Release|Any CPU
		{9F112DC3-7FE9-4B7A-AE49-F22FDE86DF21}.Debug|Any CPU.ActiveCfg = Debug|Any CPU
		{9F112DC3-7FE9-4B7A-AE49-F22FDE86DF21}.Debug|Any CPU.Build.0 = Debug|Any CPU
		{9F112DC3-7FE9-4B7A-AE49-F22FDE86DF21}.Release|Any CPU.ActiveCfg = Release|Any CPU
		{9F112DC3-7FE9-4B7A-AE49-F22FDE86DF21}.Release|Any CPU.Build.0 = Release|Any CPU
		{F187A769-9CD2-493D-BDB8-0EB03BDA64C0}.Debug|Any CPU.ActiveCfg = Debug|Any CPU
		{F187A769-9CD2-493D-BDB8-0EB03BDA64C0}.Debug|Any CPU.Build.0 = Debug|Any CPU
		{F187A769-9CD2-493D-BDB8-0EB03BDA64C0}.Release|Any CPU.ActiveCfg = Release|Any CPU
		{F187A769-9CD2-493D-BDB8-0EB03BDA64C0}.Release|Any CPU.Build.0 = Release|Any CPU
		{DB1FB908-582C-45B5-A1DD-D406D5F65CBC}.Debug|Any CPU.ActiveCfg = Debug|Any CPU
		{DB1FB908-582C-45B5-A1DD-D406D5F65CBC}.Debug|Any CPU.Build.0 = Debug|Any CPU
		{DB1FB908-582C-45B5-A1DD-D406D5F65CBC}.Release|Any CPU.ActiveCfg = Release|Any CPU
		{DB1FB908-582C-45B5-A1DD-D406D5F65CBC}.Release|Any CPU.Build.0 = Release|Any CPU
		{324EB01C-640B-45CD-878E-882EF2607995}.Debug|Any CPU.ActiveCfg = Debug|Any CPU
		{324EB01C-640B-45CD-878E-882EF2607995}.Debug|Any CPU.Build.0 = Debug|Any CPU
		{324EB01C-640B-45CD-878E-882EF2607995}.Release|Any CPU.ActiveCfg = Release|Any CPU
		{324EB01C-640B-45CD-878E-882EF2607995}.Release|Any CPU.Build.0 = Release|Any CPU
		{9B2FAD4F-E2CD-4686-B054-D0F7A5FDC4B7}.Debug|Any CPU.ActiveCfg = Debug|Any CPU
		{9B2FAD4F-E2CD-4686-B054-D0F7A5FDC4B7}.Debug|Any CPU.Build.0 = Debug|Any CPU
		{9B2FAD4F-E2CD-4686-B054-D0F7A5FDC4B7}.Release|Any CPU.ActiveCfg = Release|Any CPU
		{9B2FAD4F-E2CD-4686-B054-D0F7A5FDC4B7}.Release|Any CPU.Build.0 = Release|Any CPU
		{57F18FD7-482E-4E89-9774-8764D495A2CE}.Debug|Any CPU.ActiveCfg = Debug|Any CPU
		{57F18FD7-482E-4E89-9774-8764D495A2CE}.Debug|Any CPU.Build.0 = Debug|Any CPU
		{57F18FD7-482E-4E89-9774-8764D495A2CE}.Release|Any CPU.ActiveCfg = Release|Any CPU
		{57F18FD7-482E-4E89-9774-8764D495A2CE}.Release|Any CPU.Build.0 = Release|Any CPU
		{3B7D6499-1542-437C-A7FD-A602CFEEC114}.Debug|Any CPU.ActiveCfg = Debug|Any CPU
		{3B7D6499-1542-437C-A7FD-A602CFEEC114}.Debug|Any CPU.Build.0 = Debug|Any CPU
		{3B7D6499-1542-437C-A7FD-A602CFEEC114}.Release|Any CPU.ActiveCfg = Release|Any CPU
		{3B7D6499-1542-437C-A7FD-A602CFEEC114}.Release|Any CPU.Build.0 = Release|Any CPU
	EndGlobalSection
	GlobalSection(SolutionProperties) = preSolution
		HideSolutionNode = FALSE
	EndGlobalSection
	GlobalSection(NestedProjects) = preSolution
		{9F112DC3-7FE9-4B7A-AE49-F22FDE86DF21} = {2B603345-48D7-4F43-A6F0-5C4207E6FE8E}
		{2B603345-48D7-4F43-A6F0-5C4207E6FE8E} = {45091F3C-4727-4C7A-997D-FCB4404C4089}
		{C4DB47F8-0543-4FA1-B917-B3E20D6F3D5E} = {45091F3C-4727-4C7A-997D-FCB4404C4089}
		{2271C1DD-9BF8-407C-A3EA-81BDE46B439B} = {45091F3C-4727-4C7A-997D-FCB4404C4089}
		{F187A769-9CD2-493D-BDB8-0EB03BDA64C0} = {C4DB47F8-0543-4FA1-B917-B3E20D6F3D5E}
		{E44CF1CD-6C8A-427C-8A1F-508DF7268DF5} = {45091F3C-4727-4C7A-997D-FCB4404C4089}
		{DB1FB908-582C-45B5-A1DD-D406D5F65CBC} = {E44CF1CD-6C8A-427C-8A1F-508DF7268DF5}
		{324EB01C-640B-45CD-878E-882EF2607995} = {2271C1DD-9BF8-407C-A3EA-81BDE46B439B}
		{B5EB8096-EE7C-4C90-A683-52E67370AFFF} = {45091F3C-4727-4C7A-997D-FCB4404C4089}
		{9B2FAD4F-E2CD-4686-B054-D0F7A5FDC4B7} = {B5EB8096-EE7C-4C90-A683-52E67370AFFF}
		{57F18FD7-482E-4E89-9774-8764D495A2CE} = {B5EB8096-EE7C-4C90-A683-52E67370AFFF}
		{3B7D6499-1542-437C-A7FD-A602CFEEC114} = {CFA1EAE7-4AD7-4D78-B413-E08C44769794}
	EndGlobalSection
	GlobalSection(ExtensibilityGlobals) = postSolution
		SolutionGuid = {986DCBD2-AAAF-475D-AB8A-6B985CE35F3F}
	EndGlobalSection
EndGlobal
